
Microsoft Visual Studio Solution File, Format Version 12.00
# Visual Studio Version 17
VisualStudioVersion = 17.14.36109.1 d17.14
MinimumVisualStudioVersion = 10.0.40219.1
Project("{FAE04EC0-301F-11D3-BF4B-00C04F79EFBC}") = "Lab1", "CH 6 Labs\Lab1.csproj", "{0F14537F-E2DC-400D-843A-D026CEB5C3BF}"
EndProject
Project("{FAE04EC0-301F-11D3-BF4B-00C04F79EFBC}") = "Lab2", "..\Lab2\Lab2.csproj", "{65E08CB1-8B71-480A-985A-8971A4A7CDFC}"
EndProject
Global
	GlobalSection(SolutionConfigurationPlatforms) = preSolution
		Debug|Any CPU = Debug|Any CPU
		Release|Any CPU = Release|Any CPU
	EndGlobalSection
	GlobalSection(ProjectConfigurationPlatforms) = postSolution
		{0F14537F-E2DC-400D-843A-D026CEB5C3BF}.Debug|Any CPU.ActiveCfg = Debug|Any CPU
		{0F14537F-E2DC-400D-843A-D026CEB5C3BF}.Debug|Any CPU.Build.0 = Debug|Any CPU
		{0F14537F-E2DC-400D-843A-D026CEB5C3BF}.Release|Any CPU.ActiveCfg = Release|Any CPU
		{0F14537F-E2DC-400D-843A-D026CEB5C3BF}.Release|Any CPU.Build.0 = Release|Any CPU
		{65E08CB1-8B71-480A-985A-8971A4A7CDFC}.Debug|Any CPU.ActiveCfg = Debug|Any CPU
		{65E08CB1-8B71-480A-985A-8971A4A7CDFC}.Debug|Any CPU.Build.0 = Debug|Any CPU
		{65E08CB1-8B71-480A-985A-8971A4A7CDFC}.Release|Any CPU.ActiveCfg = Release|Any CPU
		{65E08CB1-8B71-480A-985A-8971A4A7CDFC}.Release|Any CPU.Build.0 = Release|Any CPU
	EndGlobalSection
	GlobalSection(SolutionProperties) = preSolution
		HideSolutionNode = FALSE
	EndGlobalSection
	GlobalSection(ExtensibilityGlobals) = postSolution
		SolutionGuid = {5143A5AC-0AE7-4517-99FE-B3BD9105E0CF}
	EndGlobalSection
EndGlobal
