
Microsoft Visual Studio Solution File, Format Version 12.00
# Visual Studio Version 17
VisualStudioVersion = 17.14.36109.1 d17.14
MinimumVisualStudioVersion = 10.0.40219.1
Project("{FAE04EC0-301F-11D3-BF4B-00C04F79EFBC}") = "CH5 Labs 1&2", "CH5 Labs\CH5 Labs 1&2.csproj", "{D46FB483-9FB9-40FD-AF2D-BDCC8279D7ED}"
EndProject
Project("{FAE04EC0-301F-11D3-BF4B-00C04F79EFBC}") = "lab 3&4", "lab 3\lab 3&4.csproj", "{D72A4C71-D582-4A2C-9D15-16C70CB60F4F}"
EndProject
Project("{FAE04EC0-301F-11D3-BF4B-00C04F79EFBC}") = "lab 5", "WindowsFormsApp1\lab 5.csproj", "{58A258E3-615C-41D5-AF16-FFD93BC40B4E}"
EndProject
Global
	GlobalSection(SolutionConfigurationPlatforms) = preSolution
		Debug|Any CPU = Debug|Any CPU
		Release|Any CPU = Release|Any CPU
	EndGlobalSection
	GlobalSection(ProjectConfigurationPlatforms) = postSolution
		{D46FB483-9FB9-40FD-AF2D-BDCC8279D7ED}.Debug|Any CPU.ActiveCfg = Debug|Any CPU
		{D46FB483-9FB9-40FD-AF2D-BDCC8279D7ED}.Debug|Any CPU.Build.0 = Debug|Any CPU
		{D46FB483-9FB9-40FD-AF2D-BDCC8279D7ED}.Release|Any CPU.ActiveCfg = Release|Any CPU
		{D46FB483-9FB9-40FD-AF2D-BDCC8279D7ED}.Release|Any CPU.Build.0 = Release|Any CPU
		{D72A4C71-D582-4A2C-9D15-16C70CB60F4F}.Debug|Any CPU.ActiveCfg = Debug|Any CPU
		{D72A4C71-D582-4A2C-9D15-16C70CB60F4F}.Debug|Any CPU.Build.0 = Debug|Any CPU
		{D72A4C71-D582-4A2C-9D15-16C70CB60F4F}.Release|Any CPU.ActiveCfg = Release|Any CPU
		{D72A4C71-D582-4A2C-9D15-16C70CB60F4F}.Release|Any CPU.Build.0 = Release|Any CPU
		{58A258E3-615C-41D5-AF16-FFD93BC40B4E}.Debug|Any CPU.ActiveCfg = Debug|Any CPU
		{58A258E3-615C-41D5-AF16-FFD93BC40B4E}.Debug|Any CPU.Build.0 = Debug|Any CPU
		{58A258E3-615C-41D5-AF16-FFD93BC40B4E}.Release|Any CPU.ActiveCfg = Release|Any CPU
		{58A258E3-615C-41D5-AF16-FFD93BC40B4E}.Release|Any CPU.Build.0 = Release|Any CPU
	EndGlobalSection
	GlobalSection(SolutionProperties) = preSolution
		HideSolutionNode = FALSE
	EndGlobalSection
	GlobalSection(ExtensibilityGlobals) = postSolution
		SolutionGuid = {F1EF9FDA-3875-4463-8D86-EE9654573E82}
	EndGlobalSection
EndGlobal
