
Microsoft Visual Studio Solution File, Format Version 12.00
# Visual Studio Version 17
VisualStudioVersion = 17.14.36109.1 d17.14
MinimumVisualStudioVersion = 10.0.40219.1
Project("{FAE04EC0-301F-11D3-BF4B-00C04F79EFBC}") = "CH8Lab1", "CH8Lab1\CH8Lab1.csproj", "{695A62DB-4AEA-4B22-AC65-012BB925B7BC}"
EndProject
Project("{FAE04EC0-301F-11D3-BF4B-00C04F79EFBC}") = "lab2", "lab2\lab2.csproj", "{66D25030-2766-4FC9-BC98-510D2D8D6F80}"
EndProject
Project("{FAE04EC0-301F-11D3-BF4B-00C04F79EFBC}") = "lab3", "lab3\lab3.csproj", "{0E5074E4-0DBC-4E0F-A078-62157790ED55}"
EndProject
Project("{FAE04EC0-301F-11D3-BF4B-00C04F79EFBC}") = "lab4", "lab4\lab4.csproj", "{4361278B-3A31-44AE-8CD9-F676D4A79B63}"
EndProject
Project("{FAE04EC0-301F-11D3-BF4B-00C04F79EFBC}") = "lab5", "lab5\lab5.csproj", "{BDA88CB1-A0F9-48C0-A1C2-A22C35A75B23}"
EndProject
Global
	GlobalSection(SolutionConfigurationPlatforms) = preSolution
		Debug|Any CPU = Debug|Any CPU
		Release|Any CPU = Release|Any CPU
	EndGlobalSection
	GlobalSection(ProjectConfigurationPlatforms) = postSolution
		{695A62DB-4AEA-4B22-AC65-012BB925B7BC}.Debug|Any CPU.ActiveCfg = Debug|Any CPU
		{695A62DB-4AEA-4B22-AC65-012BB925B7BC}.Debug|Any CPU.Build.0 = Debug|Any CPU
		{695A62DB-4AEA-4B22-AC65-012BB925B7BC}.Release|Any CPU.ActiveCfg = Release|Any CPU
		{695A62DB-4AEA-4B22-AC65-012BB925B7BC}.Release|Any CPU.Build.0 = Release|Any CPU
		{66D25030-2766-4FC9-BC98-510D2D8D6F80}.Debug|Any CPU.ActiveCfg = Debug|Any CPU
		{66D25030-2766-4FC9-BC98-510D2D8D6F80}.Debug|Any CPU.Build.0 = Debug|Any CPU
		{66D25030-2766-4FC9-BC98-510D2D8D6F80}.Release|Any CPU.ActiveCfg = Release|Any CPU
		{66D25030-2766-4FC9-BC98-510D2D8D6F80}.Release|Any CPU.Build.0 = Release|Any CPU
		{0E5074E4-0DBC-4E0F-A078-62157790ED55}.Debug|Any CPU.ActiveCfg = Debug|Any CPU
		{0E5074E4-0DBC-4E0F-A078-62157790ED55}.Debug|Any CPU.Build.0 = Debug|Any CPU
		{0E5074E4-0DBC-4E0F-A078-62157790ED55}.Release|Any CPU.ActiveCfg = Release|Any CPU
		{0E5074E4-0DBC-4E0F-A078-62157790ED55}.Release|Any CPU.Build.0 = Release|Any CPU
		{4361278B-3A31-44AE-8CD9-F676D4A79B63}.Debug|Any CPU.ActiveCfg = Debug|Any CPU
		{4361278B-3A31-44AE-8CD9-F676D4A79B63}.Debug|Any CPU.Build.0 = Debug|Any CPU
		{4361278B-3A31-44AE-8CD9-F676D4A79B63}.Release|Any CPU.ActiveCfg = Release|Any CPU
		{4361278B-3A31-44AE-8CD9-F676D4A79B63}.Release|Any CPU.Build.0 = Release|Any CPU
		{BDA88CB1-A0F9-48C0-A1C2-A22C35A75B23}.Debug|Any CPU.ActiveCfg = Debug|Any CPU
		{BDA88CB1-A0F9-48C0-A1C2-A22C35A75B23}.Debug|Any CPU.Build.0 = Debug|Any CPU
		{BDA88CB1-A0F9-48C0-A1C2-A22C35A75B23}.Release|Any CPU.ActiveCfg = Release|Any CPU
		{BDA88CB1-A0F9-48C0-A1C2-A22C35A75B23}.Release|Any CPU.Build.0 = Release|Any CPU
	EndGlobalSection
	GlobalSection(SolutionProperties) = preSolution
		HideSolutionNode = FALSE
	EndGlobalSection
	GlobalSection(ExtensibilityGlobals) = postSolution
		SolutionGuid = {163FB9C8-BF57-4323-A54D-7975104D3689}
	EndGlobalSection
EndGlobal
