
Microsoft Visual Studio Solution File, Format Version 12.00
# Visual Studio Version 17
VisualStudioVersion = 17.14.36109.1 d17.14
MinimumVisualStudioVersion = 10.0.40219.1
Project("{FAE04EC0-301F-11D3-BF4B-00C04F79EFBC}") = "Hands On Test Ch1-5 Ex1", "Hands On Test Ch1-5\Hands On Test Ch1-5 Ex1.csproj", "{91D759EC-355D-451B-9C4E-A110A2A605FD}"
EndProject
Project("{FAE04EC0-301F-11D3-BF4B-00C04F79EFBC}") = "Exercise 2", "Exercise 2\Exercise 2.csproj", "{93979EF0-8849-45FF-B8B1-AD795EAD5C40}"
EndProject
Project("{FAE04EC0-301F-11D3-BF4B-00C04F79EFBC}") = "Exercise 3", "WindowsFormsApp1\Exercise 3.csproj", "{162D813B-787F-487F-B275-9ECE18CCDE8F}"
EndProject
Global
	GlobalSection(SolutionConfigurationPlatforms) = preSolution
		Debug|Any CPU = Debug|Any CPU
		Release|Any CPU = Release|Any CPU
	EndGlobalSection
	GlobalSection(ProjectConfigurationPlatforms) = postSolution
		{91D759EC-355D-451B-9C4E-A110A2A605FD}.Debug|Any CPU.ActiveCfg = Debug|Any CPU
		{91D759EC-355D-451B-9C4E-A110A2A605FD}.Debug|Any CPU.Build.0 = Debug|Any CPU
		{91D759EC-355D-451B-9C4E-A110A2A605FD}.Release|Any CPU.ActiveCfg = Release|Any CPU
		{91D759EC-355D-451B-9C4E-A110A2A605FD}.Release|Any CPU.Build.0 = Release|Any CPU
		{93979EF0-8849-45FF-B8B1-AD795EAD5C40}.Debug|Any CPU.ActiveCfg = Debug|Any CPU
		{93979EF0-8849-45FF-B8B1-AD795EAD5C40}.Debug|Any CPU.Build.0 = Debug|Any CPU
		{93979EF0-8849-45FF-B8B1-AD795EAD5C40}.Release|Any CPU.ActiveCfg = Release|Any CPU
		{93979EF0-8849-45FF-B8B1-AD795EAD5C40}.Release|Any CPU.Build.0 = Release|Any CPU
		{162D813B-787F-487F-B275-9ECE18CCDE8F}.Debug|Any CPU.ActiveCfg = Debug|Any CPU
		{162D813B-787F-487F-B275-9ECE18CCDE8F}.Debug|Any CPU.Build.0 = Debug|Any CPU
		{162D813B-787F-487F-B275-9ECE18CCDE8F}.Release|Any CPU.ActiveCfg = Release|Any CPU
		{162D813B-787F-487F-B275-9ECE18CCDE8F}.Release|Any CPU.Build.0 = Release|Any CPU
	EndGlobalSection
	GlobalSection(SolutionProperties) = preSolution
		HideSolutionNode = FALSE
	EndGlobalSection
	GlobalSection(ExtensibilityGlobals) = postSolution
		SolutionGuid = {D0E2A3A9-9D1B-4E5F-A3A9-4C778BD56382}
	EndGlobalSection
EndGlobal
