
Microsoft Visual Studio Solution File, Format Version 12.00
# Visual Studio Version 17
VisualStudioVersion = 17.14.36109.1 d17.14
MinimumVisualStudioVersion = 10.0.40219.1
Project("{FAE04EC0-301F-11D3-BF4B-00C04F79EFBC}") = "LAB1", "LAB1\LAB1.csproj", "{575C7F77-5337-4055-B5E2-7D99863EDAA0}"
EndProject
Global
	GlobalSection(SolutionConfigurationPlatforms) = preSolution
		Debug|Any CPU = Debug|Any CPU
		Release|Any CPU = Release|Any CPU
	EndGlobalSection
	GlobalSection(ProjectConfigurationPlatforms) = postSolution
		{575C7F77-5337-4055-B5E2-7D99863EDAA0}.Debug|Any CPU.ActiveCfg = Debug|Any CPU
		{575C7F77-5337-4055-B5E2-7D99863EDAA0}.Debug|Any CPU.Build.0 = Debug|Any CPU
		{575C7F77-5337-4055-B5E2-7D99863EDAA0}.Release|Any CPU.ActiveCfg = Release|Any CPU
		{575C7F77-5337-4055-B5E2-7D99863EDAA0}.Release|Any CPU.Build.0 = Release|Any CPU
	EndGlobalSection
	GlobalSection(SolutionProperties) = preSolution
		HideSolutionNode = FALSE
	EndGlobalSection
	GlobalSection(ExtensibilityGlobals) = postSolution
		SolutionGuid = {D1744AA0-DED7-499A-9E0C-28E28262D23C}
	EndGlobalSection
EndGlobal
